
Microsoft Visual Studio Solution File, Format Version 12.00
# Visual Studio Version 16
VisualStudioVersion = 16.0.31515.178
MinimumVisualStudioVersion = 10.0.40219.1
Project("{FAE04EC0-301F-11D3-BF4B-00C04F79EFBC}") = "RetailOrder.API", "RetailOrder.API\RetailOrder.API.csproj", "{8E146582-BE5A-43A0-80E8-4F6E6390F792}"
EndProject
Global
	GlobalSection(SolutionConfigurationPlatforms) = preSolution
		Debug|Any CPU = Debug|Any CPU
		Release|Any CPU = Release|Any CPU
	EndGlobalSection
	GlobalSection(ProjectConfigurationPlatforms) = postSolution
		{8E146582-BE5A-43A0-80E8-4F6E6390F792}.Debug|Any CPU.ActiveCfg = Debug|Any CPU
		{8E146582-BE5A-43A0-80E8-4F6E6390F792}.Debug|Any CPU.Build.0 = Debug|Any CPU
		{8E146582-BE5A-43A0-80E8-4F6E6390F792}.Release|Any CPU.ActiveCfg = Release|Any CPU
		{8E146582-BE5A-43A0-80E8-4F6E6390F792}.Release|Any CPU.Build.0 = Release|Any CPU
	EndGlobalSection
	GlobalSection(SolutionProperties) = preSolution
		HideSolutionNode = FALSE
	EndGlobalSection
	GlobalSection(ExtensibilityGlobals) = postSolution
		SolutionGuid = {78775597-04F4-40E4-B079-8758D1426729}
	EndGlobalSection
EndGlobal
